
Microsoft Visual Studio Solution File, Format Version 12.00
# Visual Studio Version 16
VisualStudioVersion = 16.0.29613.14
MinimumVisualStudioVersion = 10.0.40219.1
Project("{FAE04EC0-301F-11D3-BF4B-00C04F79EFBC}") = "XamarinForms10Days.UWP", "XamarinForms10Days\XamarinForms10Days.UWP\XamarinForms10Days.UWP.csproj", "{9B309F1F-28BB-4DA9-A5CB-978019480CB6}"
EndProject
Project("{FAE04EC0-301F-11D3-BF4B-00C04F79EFBC}") = "XamarinForms10Days.Android", "XamarinForms10Days\XamarinForms10Days.Android\XamarinForms10Days.Android.csproj", "{7385C498-12B1-4B7F-AC8D-6FD5B1C89394}"
EndProject
Project("{FAE04EC0-301F-11D3-BF4B-00C04F79EFBC}") = "XamarinForms10Days.iOS", "XamarinForms10Days\XamarinForms10Days.iOS\XamarinForms10Days.iOS.csproj", "{EA2261B3-D3BA-4F2F-9662-4D442C78B0DC}"
EndProject
Project("{FAE04EC0-301F-11D3-BF4B-00C04F79EFBC}") = "XamarinForms10Days", "XamarinForms10Days\XamarinForms10Days\XamarinForms10Days.csproj", "{CAB19A6C-D93A-4ED7-B407-6542258D6F09}"
EndProject
Global
	GlobalSection(SolutionConfigurationPlatforms) = preSolution
		Debug|Any CPU = Debug|Any CPU
		Debug|ARM = Debug|ARM
		Debug|iPhone = Debug|iPhone
		Debug|iPhoneSimulator = Debug|iPhoneSimulator
		Debug|x64 = Debug|x64
		Debug|x86 = Debug|x86
		Release|Any CPU = Release|Any CPU
		Release|ARM = Release|ARM
		Release|iPhone = Release|iPhone
		Release|iPhoneSimulator = Release|iPhoneSimulator
		Release|x64 = Release|x64
		Release|x86 = Release|x86
	EndGlobalSection
	GlobalSection(ProjectConfigurationPlatforms) = postSolution
		{9B309F1F-28BB-4DA9-A5CB-978019480CB6}.Debug|Any CPU.ActiveCfg = Debug|x86
		{9B309F1F-28BB-4DA9-A5CB-978019480CB6}.Debug|Any CPU.Build.0 = Debug|x86
		{9B309F1F-28BB-4DA9-A5CB-978019480CB6}.Debug|Any CPU.Deploy.0 = Debug|x86
		{9B309F1F-28BB-4DA9-A5CB-978019480CB6}.Debug|ARM.ActiveCfg = Debug|ARM
		{9B309F1F-28BB-4DA9-A5CB-978019480CB6}.Debug|ARM.Build.0 = Debug|ARM
		{9B309F1F-28BB-4DA9-A5CB-978019480CB6}.Debug|ARM.Deploy.0 = Debug|ARM
		{9B309F1F-28BB-4DA9-A5CB-978019480CB6}.Debug|iPhone.ActiveCfg = Debug|x86
		{9B309F1F-28BB-4DA9-A5CB-978019480CB6}.Debug|iPhone.Build.0 = Debug|x86
		{9B309F1F-28BB-4DA9-A5CB-978019480CB6}.Debug|iPhone.Deploy.0 = Debug|x86
		{9B309F1F-28BB-4DA9-A5CB-978019480CB6}.Debug|iPhoneSimulator.ActiveCfg = Debug|x86
		{9B309F1F-28BB-4DA9-A5CB-978019480CB6}.Debug|iPhoneSimulator.Build.0 = Debug|x86
		{9B309F1F-28BB-4DA9-A5CB-978019480CB6}.Debug|iPhoneSimulator.Deploy.0 = Debug|x86
		{9B309F1F-28BB-4DA9-A5CB-978019480CB6}.Debug|x64.ActiveCfg = Debug|x64
		{9B309F1F-28BB-4DA9-A5CB-978019480CB6}.Debug|x64.Build.0 = Debug|x64
		{9B309F1F-28BB-4DA9-A5CB-978019480CB6}.Debug|x64.Deploy.0 = Debug|x64
		{9B309F1F-28BB-4DA9-A5CB-978019480CB6}.Debug|x86.ActiveCfg = Debug|x86
		{9B309F1F-28BB-4DA9-A5CB-978019480CB6}.Debug|x86.Build.0 = Debug|x86
		{9B309F1F-28BB-4DA9-A5CB-978019480CB6}.Debug|x86.Deploy.0 = Debug|x86
		{9B309F1F-28BB-4DA9-A5CB-978019480CB6}.Release|Any CPU.ActiveCfg = Release|x86
		{9B309F1F-28BB-4DA9-A5CB-978019480CB6}.Release|Any CPU.Build.0 = Release|x86
		{9B309F1F-28BB-4DA9-A5CB-978019480CB6}.Release|Any CPU.Deploy.0 = Release|x86
		{9B309F1F-28BB-4DA9-A5CB-978019480CB6}.Release|ARM.ActiveCfg = Release|ARM
		{9B309F1F-28BB-4DA9-A5CB-978019480CB6}.Release|ARM.Build.0 = Release|ARM
		{9B309F1F-28BB-4DA9-A5CB-978019480CB6}.Release|ARM.Deploy.0 = Release|ARM
		{9B309F1F-28BB-4DA9-A5CB-978019480CB6}.Release|iPhone.ActiveCfg = Release|x86
		{9B309F1F-28BB-4DA9-A5CB-978019480CB6}.Release|iPhone.Build.0 = Release|x86
		{9B309F1F-28BB-4DA9-A5CB-978019480CB6}.Release|iPhone.Deploy.0 = Release|x86
		{9B309F1F-28BB-4DA9-A5CB-978019480CB6}.Release|iPhoneSimulator.ActiveCfg = Release|x86
		{9B309F1F-28BB-4DA9-A5CB-978019480CB6}.Release|iPhoneSimulator.Build.0 = Release|x86
		{9B309F1F-28BB-4DA9-A5CB-978019480CB6}.Release|iPhoneSimulator.Deploy.0 = Release|x86
		{9B309F1F-28BB-4DA9-A5CB-978019480CB6}.Release|x64.ActiveCfg = Release|x64
		{9B309F1F-28BB-4DA9-A5CB-978019480CB6}.Release|x64.Build.0 = Release|x64
		{9B309F1F-28BB-4DA9-A5CB-978019480CB6}.Release|x64.Deploy.0 = Release|x64
		{9B309F1F-28BB-4DA9-A5CB-978019480CB6}.Release|x86.ActiveCfg = Release|x86
		{9B309F1F-28BB-4DA9-A5CB-978019480CB6}.Release|x86.Build.0 = Release|x86
		{9B309F1F-28BB-4DA9-A5CB-978019480CB6}.Release|x86.Deploy.0 = Release|x86
		{7385C498-12B1-4B7F-AC8D-6FD5B1C89394}.Debug|Any CPU.ActiveCfg = Debug|Any CPU
		{7385C498-12B1-4B7F-AC8D-6FD5B1C89394}.Debug|Any CPU.Build.0 = Debug|Any CPU
		{7385C498-12B1-4B7F-AC8D-6FD5B1C89394}.Debug|Any CPU.Deploy.0 = Debug|Any CPU
		{7385C498-12B1-4B7F-AC8D-6FD5B1C89394}.Debug|ARM.ActiveCfg = Debug|Any CPU
		{7385C498-12B1-4B7F-AC8D-6FD5B1C89394}.Debug|ARM.Build.0 = Debug|Any CPU
		{7385C498-12B1-4B7F-AC8D-6FD5B1C89394}.Debug|ARM.Deploy.0 = Debug|Any CPU
		{7385C498-12B1-4B7F-AC8D-6FD5B1C89394}.Debug|iPhone.ActiveCfg = Debug|Any CPU
		{7385C498-12B1-4B7F-AC8D-6FD5B1C89394}.Debug|iPhone.Build.0 = Debug|Any CPU
		{7385C498-12B1-4B7F-AC8D-6FD5B1C89394}.Debug|iPhone.Deploy.0 = Debug|Any CPU
		{7385C498-12B1-4B7F-AC8D-6FD5B1C89394}.Debug|iPhoneSimulator.ActiveCfg = Debug|Any CPU
		{7385C498-12B1-4B7F-AC8D-6FD5B1C89394}.Debug|iPhoneSimulator.Build.0 = Debug|Any CPU
		{7385C498-12B1-4B7F-AC8D-6FD5B1C89394}.Debug|iPhoneSimulator.Deploy.0 = Debug|Any CPU
		{7385C498-12B1-4B7F-AC8D-6FD5B1C89394}.Debug|x64.ActiveCfg = Debug|Any CPU
		{7385C498-12B1-4B7F-AC8D-6FD5B1C89394}.Debug|x64.Build.0 = Debug|Any CPU
		{7385C498-12B1-4B7F-AC8D-6FD5B1C89394}.Debug|x64.Deploy.0 = Debug|Any CPU
		{7385C498-12B1-4B7F-AC8D-6FD5B1C89394}.Debug|x86.ActiveCfg = Debug|Any CPU
		{7385C498-12B1-4B7F-AC8D-6FD5B1C89394}.Debug|x86.Build.0 = Debug|Any CPU
		{7385C498-12B1-4B7F-AC8D-6FD5B1C89394}.Debug|x86.Deploy.0 = Debug|Any CPU
		{7385C498-12B1-4B7F-AC8D-6FD5B1C89394}.Release|Any CPU.ActiveCfg = Release|Any CPU
		{7385C498-12B1-4B7F-AC8D-6FD5B1C89394}.Release|Any CPU.Build.0 = Release|Any CPU
		{7385C498-12B1-4B7F-AC8D-6FD5B1C89394}.Release|Any CPU.Deploy.0 = Release|Any CPU
		{7385C498-12B1-4B7F-AC8D-6FD5B1C89394}.Release|ARM.ActiveCfg = Release|Any CPU
		{7385C498-12B1-4B7F-AC8D-6FD5B1C89394}.Release|ARM.Build.0 = Release|Any CPU
		{7385C498-12B1-4B7F-AC8D-6FD5B1C89394}.Release|ARM.Deploy.0 = Release|Any CPU
		{7385C498-12B1-4B7F-AC8D-6FD5B1C89394}.Release|iPhone.ActiveCfg = Release|Any CPU
		{7385C498-12B1-4B7F-AC8D-6FD5B1C89394}.Release|iPhone.Build.0 = Release|Any CPU
		{7385C498-12B1-4B7F-AC8D-6FD5B1C89394}.Release|iPhone.Deploy.0 = Release|Any CPU
		{7385C498-12B1-4B7F-AC8D-6FD5B1C89394}.Release|iPhoneSimulator.ActiveCfg = Release|Any CPU
		{7385C498-12B1-4B7F-AC8D-6FD5B1C89394}.Release|iPhoneSimulator.Build.0 = Release|Any CPU
		{7385C498-12B1-4B7F-AC8D-6FD5B1C89394}.Release|iPhoneSimulator.Deploy.0 = Release|Any CPU
		{7385C498-12B1-4B7F-AC8D-6FD5B1C89394}.Release|x64.ActiveCfg = Release|Any CPU
		{7385C498-12B1-4B7F-AC8D-6FD5B1C89394}.Release|x64.Build.0 = Release|Any CPU
		{7385C498-12B1-4B7F-AC8D-6FD5B1C89394}.Release|x64.Deploy.0 = Release|Any CPU
		{7385C498-12B1-4B7F-AC8D-6FD5B1C89394}.Release|x86.ActiveCfg = Release|Any CPU
		{7385C498-12B1-4B7F-AC8D-6FD5B1C89394}.Release|x86.Build.0 = Release|Any CPU
		{7385C498-12B1-4B7F-AC8D-6FD5B1C89394}.Release|x86.Deploy.0 = Release|Any CPU
		{EA2261B3-D3BA-4F2F-9662-4D442C78B0DC}.Debug|Any CPU.ActiveCfg = Debug|iPhone
		{EA2261B3-D3BA-4F2F-9662-4D442C78B0DC}.Debug|Any CPU.Build.0 = Debug|iPhone
		{EA2261B3-D3BA-4F2F-9662-4D442C78B0DC}.Debug|Any CPU.Deploy.0 = Debug|iPhone
		{EA2261B3-D3BA-4F2F-9662-4D442C78B0DC}.Debug|ARM.ActiveCfg = Debug|iPhoneSimulator
		{EA2261B3-D3BA-4F2F-9662-4D442C78B0DC}.Debug|ARM.Build.0 = Debug|iPhoneSimulator
		{EA2261B3-D3BA-4F2F-9662-4D442C78B0DC}.Debug|ARM.Deploy.0 = Debug|iPhoneSimulator
		{EA2261B3-D3BA-4F2F-9662-4D442C78B0DC}.Debug|iPhone.ActiveCfg = Debug|iPhone
		{EA2261B3-D3BA-4F2F-9662-4D442C78B0DC}.Debug|iPhone.Build.0 = Debug|iPhone
		{EA2261B3-D3BA-4F2F-9662-4D442C78B0DC}.Debug|iPhone.Deploy.0 = Debug|iPhone
		{EA2261B3-D3BA-4F2F-9662-4D442C78B0DC}.Debug|iPhoneSimulator.ActiveCfg = Debug|iPhoneSimulator
		{EA2261B3-D3BA-4F2F-9662-4D442C78B0DC}.Debug|iPhoneSimulator.Build.0 = Debug|iPhoneSimulator
		{EA2261B3-D3BA-4F2F-9662-4D442C78B0DC}.Debug|iPhoneSimulator.Deploy.0 = Debug|iPhoneSimulator
		{EA2261B3-D3BA-4F2F-9662-4D442C78B0DC}.Debug|x64.ActiveCfg = Debug|iPhone
		{EA2261B3-D3BA-4F2F-9662-4D442C78B0DC}.Debug|x64.Build.0 = Debug|iPhone
		{EA2261B3-D3BA-4F2F-9662-4D442C78B0DC}.Debug|x64.Deploy.0 = Debug|iPhone
		{EA2261B3-D3BA-4F2F-9662-4D442C78B0DC}.Debug|x86.ActiveCfg = Debug|iPhone
		{EA2261B3-D3BA-4F2F-9662-4D442C78B0DC}.Debug|x86.Build.0 = Debug|iPhone
		{EA2261B3-D3BA-4F2F-9662-4D442C78B0DC}.Debug|x86.Deploy.0 = Debug|iPhone
		{EA2261B3-D3BA-4F2F-9662-4D442C78B0DC}.Release|Any CPU.ActiveCfg = Release|iPhone
		{EA2261B3-D3BA-4F2F-9662-4D442C78B0DC}.Release|Any CPU.Build.0 = Release|iPhone
		{EA2261B3-D3BA-4F2F-9662-4D442C78B0DC}.Release|Any CPU.Deploy.0 = Release|iPhone
		{EA2261B3-D3BA-4F2F-9662-4D442C78B0DC}.Release|ARM.ActiveCfg = Release|iPhone
		{EA2261B3-D3BA-4F2F-9662-4D442C78B0DC}.Release|ARM.Build.0 = Release|iPhone
		{EA2261B3-D3BA-4F2F-9662-4D442C78B0DC}.Release|ARM.Deploy.0 = Release|iPhone
		{EA2261B3-D3BA-4F2F-9662-4D442C78B0DC}.Release|iPhone.ActiveCfg = Release|iPhone
		{EA2261B3-D3BA-4F2F-9662-4D442C78B0DC}.Release|iPhone.Build.0 = Release|iPhone
		{EA2261B3-D3BA-4F2F-9662-4D442C78B0DC}.Release|iPhone.Deploy.0 = Release|iPhone
		{EA2261B3-D3BA-4F2F-9662-4D442C78B0DC}.Release|iPhoneSimulator.ActiveCfg = Release|iPhoneSimulator
		{EA2261B3-D3BA-4F2F-9662-4D442C78B0DC}.Release|iPhoneSimulator.Build.0 = Release|iPhoneSimulator
		{EA2261B3-D3BA-4F2F-9662-4D442C78B0DC}.Release|iPhoneSimulator.Deploy.0 = Release|iPhoneSimulator
		{EA2261B3-D3BA-4F2F-9662-4D442C78B0DC}.Release|x64.ActiveCfg = Release|iPhone
		{EA2261B3-D3BA-4F2F-9662-4D442C78B0DC}.Release|x64.Build.0 = Release|iPhone
		{EA2261B3-D3BA-4F2F-9662-4D442C78B0DC}.Release|x64.Deploy.0 = Release|iPhone
		{EA2261B3-D3BA-4F2F-9662-4D442C78B0DC}.Release|x86.ActiveCfg = Release|iPhone
		{EA2261B3-D3BA-4F2F-9662-4D442C78B0DC}.Release|x86.Build.0 = Release|iPhone
		{EA2261B3-D3BA-4F2F-9662-4D442C78B0DC}.Release|x86.Deploy.0 = Release|iPhone
		{CAB19A6C-D93A-4ED7-B407-6542258D6F09}.Debug|Any CPU.ActiveCfg = Debug|Any CPU
		{CAB19A6C-D93A-4ED7-B407-6542258D6F09}.Debug|Any CPU.Build.0 = Debug|Any CPU
		{CAB19A6C-D93A-4ED7-B407-6542258D6F09}.Debug|Any CPU.Deploy.0 = Debug|Any CPU
		{CAB19A6C-D93A-4ED7-B407-6542258D6F09}.Debug|ARM.ActiveCfg = Debug|Any CPU
		{CAB19A6C-D93A-4ED7-B407-6542258D6F09}.Debug|ARM.Build.0 = Debug|Any CPU
		{CAB19A6C-D93A-4ED7-B407-6542258D6F09}.Debug|ARM.Deploy.0 = Debug|Any CPU
		{CAB19A6C-D93A-4ED7-B407-6542258D6F09}.Debug|iPhone.ActiveCfg = Debug|Any CPU
		{CAB19A6C-D93A-4ED7-B407-6542258D6F09}.Debug|iPhone.Build.0 = Debug|Any CPU
		{CAB19A6C-D93A-4ED7-B407-6542258D6F09}.Debug|iPhone.Deploy.0 = Debug|Any CPU
		{CAB19A6C-D93A-4ED7-B407-6542258D6F09}.Debug|iPhoneSimulator.ActiveCfg = Debug|Any CPU
		{CAB19A6C-D93A-4ED7-B407-6542258D6F09}.Debug|iPhoneSimulator.Build.0 = Debug|Any CPU
		{CAB19A6C-D93A-4ED7-B407-6542258D6F09}.Debug|iPhoneSimulator.Deploy.0 = Debug|Any CPU
		{CAB19A6C-D93A-4ED7-B407-6542258D6F09}.Debug|x64.ActiveCfg = Debug|Any CPU
		{CAB19A6C-D93A-4ED7-B407-6542258D6F09}.Debug|x64.Build.0 = Debug|Any CPU
		{CAB19A6C-D93A-4ED7-B407-6542258D6F09}.Debug|x64.Deploy.0 = Debug|Any CPU
		{CAB19A6C-D93A-4ED7-B407-6542258D6F09}.Debug|x86.ActiveCfg = Debug|Any CPU
		{CAB19A6C-D93A-4ED7-B407-6542258D6F09}.Debug|x86.Build.0 = Debug|Any CPU
		{CAB19A6C-D93A-4ED7-B407-6542258D6F09}.Debug|x86.Deploy.0 = Debug|Any CPU
		{CAB19A6C-D93A-4ED7-B407-6542258D6F09}.Release|Any CPU.ActiveCfg = Release|Any CPU
		{CAB19A6C-D93A-4ED7-B407-6542258D6F09}.Release|Any CPU.Build.0 = Release|Any CPU
		{CAB19A6C-D93A-4ED7-B407-6542258D6F09}.Release|Any CPU.Deploy.0 = Release|Any CPU
		{CAB19A6C-D93A-4ED7-B407-6542258D6F09}.Release|ARM.ActiveCfg = Release|Any CPU
		{CAB19A6C-D93A-4ED7-B407-6542258D6F09}.Release|ARM.Build.0 = Release|Any CPU
		{CAB19A6C-D93A-4ED7-B407-6542258D6F09}.Release|ARM.Deploy.0 = Release|Any CPU
		{CAB19A6C-D93A-4ED7-B407-6542258D6F09}.Release|iPhone.ActiveCfg = Release|Any CPU
		{CAB19A6C-D93A-4ED7-B407-6542258D6F09}.Release|iPhone.Build.0 = Release|Any CPU
		{CAB19A6C-D93A-4ED7-B407-6542258D6F09}.Release|iPhone.Deploy.0 = Release|Any CPU
		{CAB19A6C-D93A-4ED7-B407-6542258D6F09}.Release|iPhoneSimulator.ActiveCfg = Release|Any CPU
		{CAB19A6C-D93A-4ED7-B407-6542258D6F09}.Release|iPhoneSimulator.Build.0 = Release|Any CPU
		{CAB19A6C-D93A-4ED7-B407-6542258D6F09}.Release|iPhoneSimulator.Deploy.0 = Release|Any CPU
		{CAB19A6C-D93A-4ED7-B407-6542258D6F09}.Release|x64.ActiveCfg = Release|Any CPU
		{CAB19A6C-D93A-4ED7-B407-6542258D6F09}.Release|x64.Build.0 = Release|Any CPU
		{CAB19A6C-D93A-4ED7-B407-6542258D6F09}.Release|x64.Deploy.0 = Release|Any CPU
		{CAB19A6C-D93A-4ED7-B407-6542258D6F09}.Release|x86.ActiveCfg = Release|Any CPU
		{CAB19A6C-D93A-4ED7-B407-6542258D6F09}.Release|x86.Build.0 = Release|Any CPU
		{CAB19A6C-D93A-4ED7-B407-6542258D6F09}.Release|x86.Deploy.0 = Release|Any CPU
	EndGlobalSection
	GlobalSection(SolutionProperties) = preSolution
		HideSolutionNode = FALSE
	EndGlobalSection
	GlobalSection(ExtensibilityGlobals) = postSolution
		SolutionGuid = {5B5CB6B9-3BC5-4224-AF2A-F3542F3AD925}
	EndGlobalSection
EndGlobal
