
Microsoft Visual Studio Solution File, Format Version 12.00
# Visual Studio Version 16
VisualStudioVersion = 16.0.29324.140
MinimumVisualStudioVersion = 10.0.40219.1
Project("{FAE04EC0-301F-11D3-BF4B-00C04F79EFBC}") = "NotasProyecto", "NotasProyecto\NotasProyecto.csproj", "{C743F2B7-D395-441B-BB5C-C2D73AA7FD0D}"
EndProject
Global
	GlobalSection(SolutionConfigurationPlatforms) = preSolution
		Debug|Any CPU = Debug|Any CPU
		Debug|x64 = Debug|x64
		Release|Any CPU = Release|Any CPU
		Release|x64 = Release|x64
	EndGlobalSection
	GlobalSection(ProjectConfigurationPlatforms) = postSolution
		{C743F2B7-D395-441B-BB5C-C2D73AA7FD0D}.Debug|Any CPU.ActiveCfg = Debug|Any CPU
		{C743F2B7-D395-441B-BB5C-C2D73AA7FD0D}.Debug|Any CPU.Build.0 = Debug|Any CPU
		{C743F2B7-D395-441B-BB5C-C2D73AA7FD0D}.Debug|x64.ActiveCfg = Debug|x64
		{C743F2B7-D395-441B-BB5C-C2D73AA7FD0D}.Debug|x64.Build.0 = Debug|x64
		{C743F2B7-D395-441B-BB5C-C2D73AA7FD0D}.Release|Any CPU.ActiveCfg = Release|Any CPU
		{C743F2B7-D395-441B-BB5C-C2D73AA7FD0D}.Release|Any CPU.Build.0 = Release|Any CPU
		{C743F2B7-D395-441B-BB5C-C2D73AA7FD0D}.Release|x64.ActiveCfg = Release|x64
		{C743F2B7-D395-441B-BB5C-C2D73AA7FD0D}.Release|x64.Build.0 = Release|x64
	EndGlobalSection
	GlobalSection(SolutionProperties) = preSolution
		HideSolutionNode = FALSE
	EndGlobalSection
	GlobalSection(ExtensibilityGlobals) = postSolution
		SolutionGuid = {7220538F-2F1C-4ECA-BE28-3176862C4369}
	EndGlobalSection
EndGlobal
